{
  "requires": true,
  "lockfileVersion": 1,
  "dependencies": {
    "@dcloudio/uni-ui": {
      "version": "1.3.0",
      "resolved": "https://registry.npmjs.org/@dcloudio/uni-ui/-/uni-ui-1.3.0.tgz",
      "integrity": "sha512-Tk/svNvsvqMqhaFmUCgbJ8PbodZ3UTdt7VoU0pvPGOQV2xVdE+3HH+d3POcH1pkWnR5P85j9Przpb1kInrQhAQ=="
    }
  }
}
